// !$*UTF8*$!
{
	archiveVersion = 1;
	classes = {
	};
	objectVersion = 50;
	objects = {

/* Begin PBXBuildFile section */
		BE70F654245B47F600C3A222 /* AppDelegate.swift in Sources */ = {isa = PBXBuildFile; fileRef = BE70F653245B47F600C3A222 /* AppDelegate.swift */; };
		BE70F656245B47F600C3A222 /* SceneDelegate.swift in Sources */ = {isa = PBXBuildFile; fileRef = BE70F655245B47F600C3A222 /* SceneDelegate.swift */; };
		BE70F658245B47F600C3A222 /* ViewController.swift in Sources */ = {isa = PBXBuildFile; fileRef = BE70F657245B47F600C3A222 /* ViewController.swift */; };
		BE70F65B245B47F600C3A222 /* Main.storyboard in Resources */ = {isa = PBXBuildFile; fileRef = BE70F659245B47F600C3A222 /* Main.storyboard */; };
		BE70F65D245B47FA00C3A222 /* Assets.xcassets in Resources */ = {isa = PBXBuildFile; fileRef = BE70F65C245B47FA00C3A222 /* Assets.xcassets */; };
		BE70F660245B47FA00C3A222 /* LaunchScreen.storyboard in Resources */ = {isa = PBXBuildFile; fileRef = BE70F65E245B47FA00C3A222 /* LaunchScreen.storyboard */; };
/* End PBXBuildFile section */

/* Begin PBXFileReference section */
		BE70F650245B47F600C3A222 /* Pursuit-Core-iOS-Firebase-Project.app */ = {isa = PBXFileReference; explicitFileType = wrapper.application; includeInIndex = 0; path = "Pursuit-Core-iOS-Firebase-Project.app"; sourceTree = BUILT_PRODUCTS_DIR; };
		BE70F653245B47F600C3A222 /* AppDelegate.swift */ = {isa = PBXFileReference; lastKnownFileType = sourcecode.swift; path = AppDelegate.swift; sourceTree = "<group>"; };
		BE70F655245B47F600C3A222 /* SceneDelegate.swift */ = {isa = PBXFileReference; lastKnownFileType = sourcecode.swift; path = SceneDelegate.swift; sourceTree = "<group>"; };
		BE70F657245B47F600C3A222 /* ViewController.swift */ = {isa = PBXFileReference; lastKnownFileType = sourcecode.swift; path = ViewController.swift; sourceTree = "<group>"; };
		BE70F65A245B47F600C3A222 /* Base */ = {isa = PBXFileReference; lastKnownFileType = file.storyboard; name = Base; path = Base.lproj/Main.storyboard; sourceTree = "<group>"; };
		BE70F65C245B47FA00C3A222 /* Assets.xcassets */ = {isa = PBXFileReference; lastKnownFileType = folder.assetcatalog; path = Assets.xcassets; sourceTree = "<group>"; };
		BE70F65F245B47FA00C3A222 /* Base */ = {isa = PBXFileReference; lastKnownFileType = file.storyboard; name = Base; path = Base.lproj/LaunchScreen.storyboard; sourceTree = "<group>"; };
		BE70F661245B47FA00C3A222 /* Info.plist */ = {isa = PBXFileReference; lastKnownFileType = text.plist.xml; path = Info.plist; sourceTree = "<group>"; };
/* End PBXFileReference section */

/* Begin PBXFrameworksBuildPhase section */
		BE70F64D245B47F600C3A222 /* Frameworks */ = {
			isa = PBXFrameworksBuildPhase;
			buildActionMask = 2147483647;
			files = (
			);
			runOnlyForDeploymentPostprocessing = 0;
		};
/* End PBXFrameworksBuildPhase section */

/* Begin PBXGroup section */
		BE70F647245B47F600C3A222 = {
			isa = PBXGroup;
			children = (
				BE70F652245B47F600C3A222 /* Pursuit-Core-iOS-Firebase-Project */,
				BE70F651245B47F600C3A222 /* Products */,
			);
			sourceTree = "<group>";
		};
		BE70F651245B47F600C3A222 /* Products */ = {
			isa = PBXGroup;
			children = (
				BE70F650245B47F600C3A222 /* Pursuit-Core-iOS-Firebase-Project.app */,
			);
			name = Products;
			sourceTree = "<group>";
		};
		BE70F652245B47F600C3A222 /* Pursuit-Core-iOS-Firebase-Project */ = {
			isa = PBXGroup;
			children = (
				BE70F653245B47F600C3A222 /* AppDelegate.swift */,
				BE70F655245B47F600C3A222 /* SceneDelegate.swift */,
				BE70F657245B47F600C3A222 /* ViewController.swift */,
				BE70F659245B47F600C3A222 /* Main.storyboard */,
				BE70F65C245B47FA00C3A222 /* Assets.xcassets */,
				BE70F65E245B47FA00C3A222 /* LaunchScreen.storyboard */,
				BE70F661245B47FA00C3A222 /* Info.plist */,
			);
			path = "Pursuit-Core-iOS-Firebase-Project";
			sourceTree = "<group>";
		};
/* End PBXGroup section */

/* Begin PBXNativeTarget section */
		BE70F64F245B47F600C3A222 /* Pursuit-Core-iOS-Firebase-Project */ = {
			isa = PBXNativeTarget;
			buildConfigurationList = BE70F664245B47FA00C3A222 /* Build configuration list for PBXNativeTarget "Pursuit-Core-iOS-Firebase-Project" */;
			buildPhases = (
				BE70F64C245B47F600C3A222 /* Sources */,
				BE70F64D245B47F600C3A222 /* Frameworks */,
				BE70F64E245B47F600C3A222 /* Resources */,
			);
			buildRules = (
			);
			dependencies = (
			);
			name = "Pursuit-Core-iOS-Firebase-Project";
			productName = "Pursuit-Core-iOS-Firebase-Project";
			productReference = BE70F650245B47F600C3A222 /* Pursuit-Core-iOS-Firebase-Project.app */;
			productType = "com.apple.product-type.application";
		};
/* End PBXNativeTarget section */

/* Begin PBXProject section */
		BE70F648245B47F600C3A222 /* Project object */ = {
			isa = PBXProject;
			attributes = {
				LastSwiftUpdateCheck = 1100;
				LastUpgradeCheck = 1100;
				ORGANIZATIONNAME = "Oscar Victoria Gonzalez ";
				TargetAttributes = {
					BE70F64F245B47F600C3A222 = {
						CreatedOnToolsVersion = 11.0;
					};
				};
			};
			buildConfigurationList = BE70F64B245B47F600C3A222 /* Build configuration list for PBXProject "Pursuit-Core-iOS-Firebase-Project" */;
			compatibilityVersion = "Xcode 9.3";
			developmentRegion = en;
			hasScannedForEncodings = 0;
			knownRegions = (
				en,
				Base,
			);
			mainGroup = BE70F647245B47F600C3A222;
			productRefGroup = BE70F651245B47F600C3A222 /* Products */;
			projectDirPath = "";
			projectRoot = "";
			targets = (
				BE70F64F245B47F600C3A222 /* Pursuit-Core-iOS-Firebase-Project */,
			);
		};
/* End PBXProject section */

/* Begin PBXResourcesBuildPhase section */
		BE70F64E245B47F600C3A222 /* Resources */ = {
			isa = PBXResourcesBuildPhase;
			buildActionMask = 2147483647;
			files = (
				BE70F660245B47FA00C3A222 /* LaunchScreen.storyboard in Resources */,
				BE70F65D245B47FA00C3A222 /* Assets.xcassets in Resources */,
				BE70F65B245B47F600C3A222 /* Main.storyboard in Resources */,
			);
			runOnlyForDeploymentPostprocessing = 0;
		};
/* End PBXResourcesBuildPhase section */

/* Begin PBXSourcesBuildPhase section */
		BE70F64C245B47F600C3A222 /* Sources */ = {
			isa = PBXSourcesBuildPhase;
			buildActionMask = 2147483647;
			files = (
				BE70F658245B47F600C3A222 /* ViewController.swift in Sources */,
				BE70F654245B47F600C3A222 /* AppDelegate.swift in Sources */,
				BE70F656245B47F600C3A222 /* SceneDelegate.swift in Sources */,
			);
			runOnlyForDeploymentPostprocessing = 0;
		};
/* End PBXSourcesBuildPhase section */

/* Begin PBXVariantGroup section */
		BE70F659245B47F600C3A222 /* Main.storyboard */ = {
			isa = PBXVariantGroup;
			children = (
				BE70F65A245B47F600C3A222 /* Base */,
			);
			name = Main.storyboard;
			sourceTree = "<group>";
		};
		BE70F65E245B47FA00C3A222 /* LaunchScreen.storyboard */ = {
			isa = PBXVariantGroup;
			children = (
				BE70F65F245B47FA00C3A222 /* Base */,
			);
			name = LaunchScreen.storyboard;
			sourceTree = "<group>";
		};
/* End PBXVariantGroup section */

/* Begin XCBuildConfiguration section */
		BE70F662245B47FA00C3A222 /* Debug */ = {
			isa = XCBuildConfiguration;
			buildSettings = {
				ALWAYS_SEARCH_USER_PATHS = NO;
				CLANG_ANALYZER_NONNULL = YES;
				CLANG_ANALYZER_NUMBER_OBJECT_CONVERSION = YES_AGGRESSIVE;
				CLANG_CXX_LANGUAGE_STANDARD = "gnu++14";
				CLANG_CXX_LIBRARY = "libc++";
				CLANG_ENABLE_MODULES = YES;
				CLANG_ENABLE_OBJC_ARC = YES;
				CLANG_ENABLE_OBJC_WEAK = YES;
				CLANG_WARN_BLOCK_CAPTURE_AUTORELEASING = YES;
				CLANG_WARN_BOOL_CONVERSION = YES;
				CLANG_WARN_COMMA = YES;
				CLANG_WARN_CONSTANT_CONVERSION = YES;
				CLANG_WARN_DEPRECATED_OBJC_IMPLEMENTATIONS = YES;
				CLANG_WARN_DIRECT_OBJC_ISA_USAGE = YES_ERROR;
				CLANG_WARN_DOCUMENTATION_COMMENTS = YES;
				CLANG_WARN_EMPTY_BODY = YES;
				CLANG_WARN_ENUM_CONVERSION = YES;
				CLANG_WARN_INFINITE_RECURSION = YES;
				CLANG_WARN_INT_CONVERSION = YES;
				CLANG_WARN_NON_LITERAL_NULL_CONVERSION = YES;
				CLANG_WARN_OBJC_IMPLICIT_RETAIN_SELF = YES;
				CLANG_WARN_OBJC_LITERAL_CONVERSION = YES;
				CLANG_WARN_OBJC_ROOT_CLASS = YES_ERROR;
				CLANG_WARN_RANGE_LOOP_ANALYSIS = YES;
				CLANG_WARN_STRICT_PROTOTYPES = YES;
				CLANG_WARN_SUSPICIOUS_MOVE = YES;
				CLANG_WARN_UNGUARDED_AVAILABILITY = YES_AGGRESSIVE;
				CLANG_WARN_UNREACHABLE_CODE = YES;
				CLANG_WARN__DUPLICATE_METHOD_MATCH = YES;
				COPY_PHASE_STRIP = NO;
				DEBUG_INFORMATION_FORMAT = dwarf;
				ENABLE_STRICT_OBJC_MSGSEND = YES;
				ENABLE_TESTABILITY = YES;
				GCC_C_LANGUAGE_STANDARD = gnu11;
				GCC_DYNAMIC_NO_PIC = NO;
				GCC_NO_COMMON_BLOCKS = YES;
				GCC_OPTIMIZATION_LEVEL = 0;
				GCC_PREPROCESSOR_DEFINITIONS = (
					"DEBUG=1",
					"$(inherited)",
				);
				GCC_WARN_64_TO_32_BIT_CONVERSION = YES;
				GCC_WARN_ABOUT_RETURN_TYPE = YES_ERROR;
				GCC_WARN_UNDECLARED_SELECTOR = YES;
				GCC_WARN_UNINITIALIZED_AUTOS = YES_AGGRESSIVE;
				GCC_WARN_UNUSED_FUNCTION = YES;
				GCC_WARN_UNUSED_VARIABLE = YES;
				IPHONEOS_DEPLOYMENT_TARGET = 13.0;
				MTL_ENABLE_DEBUG_INFO = INCLUDE_SOURCE;
				MTL_FAST_MATH = YES;
				ONLY_ACTIVE_ARCH = YES;
				SDKROOT = iphoneos;
				SWIFT_ACTIVE_COMPILATION_CONDITIONS = DEBUG;
				SWIFT_OPTIMIZATION_LEVEL = "-Onone";
			};
			name = Debug;
		};
		BE70F663245B47FA00C3A222 /* Release */ = {
			isa = XCBuildConfiguration;
			buildSettings = {
				ALWAYS_SEARCH_USER_PATHS = NO;
				CLANG_ANALYZER_NONNULL = YES;
				CLANG_ANALYZER_NUMBER_OBJECT_CONVERSION = YES_AGGRESSIVE;
				CLANG_CXX_LANGUAGE_STANDARD = "gnu++14";
				CLANG_CXX_LIBRARY = "libc++";
				CLANG_ENABLE_MODULES = YES;
				CLANG_ENABLE_OBJC_ARC = YES;
				CLANG_ENABLE_OBJC_WEAK = YES;
				CLANG_WARN_BLOCK_CAPTURE_AUTORELEASING = YES;
				CLANG_WARN_BOOL_CONVERSION = YES;
				CLANG_WARN_COMMA = YES;
				CLANG_WARN_CONSTANT_CONVERSION = YES;
				CLANG_WARN_DEPRECATED_OBJC_IMPLEMENTATIONS = YES;
				CLANG_WARN_DIRECT_OBJC_ISA_USAGE = YES_ERROR;
				CLANG_WARN_DOCUMENTATION_COMMENTS = YES;
				CLANG_WARN_EMPTY_BODY = YES;
				CLANG_WARN_ENUM_CONVERSION = YES;
				CLANG_WARN_INFINITE_RECURSION = YES;
				CLANG_WARN_INT_CONVERSION = YES;
				CLANG_WARN_NON_LITERAL_NULL_CONVERSION = YES;
				CLANG_WARN_OBJC_IMPLICIT_RETAIN_SELF = YES;
				CLANG_WARN_OBJC_LITERAL_CONVERSION = YES;
				CLANG_WARN_OBJC_ROOT_CLASS = YES_ERROR;
				CLANG_WARN_RANGE_LOOP_ANALYSIS = YES;
				CLANG_WARN_STRICT_PROTOTYPES = YES;
				CLANG_WARN_SUSPICIOUS_MOVE = YES;
				CLANG_WARN_UNGUARDED_AVAILABILITY = YES_AGGRESSIVE;
				CLANG_WARN_UNREACHABLE_CODE = YES;
				CLANG_WARN__DUPLICATE_METHOD_MATCH = YES;
				COPY_PHASE_STRIP = NO;
				DEBUG_INFORMATION_FORMAT = "dwarf-with-dsym";
				ENABLE_NS_ASSERTIONS = NO;
				ENABLE_STRICT_OBJC_MSGSEND = YES;
				GCC_C_LANGUAGE_STANDARD = gnu11;
				GCC_NO_COMMON_BLOCKS = YES;
				GCC_WARN_64_TO_32_BIT_CONVERSION = YES;
				GCC_WARN_ABOUT_RETURN_TYPE = YES_ERROR;
				GCC_WARN_UNDECLARED_SELECTOR = YES;
				GCC_WARN_UNINITIALIZED_AUTOS = YES_AGGRESSIVE;
				GCC_WARN_UNUSED_FUNCTION = YES;
				GCC_WARN_UNUSED_VARIABLE = YES;
				IPHONEOS_DEPLOYMENT_TARGET = 13.0;
				MTL_ENABLE_DEBUG_INFO = NO;
				MTL_FAST_MATH = YES;
				SDKROOT = iphoneos;
				SWIFT_COMPILATION_MODE = wholemodule;
				SWIFT_OPTIMIZATION_LEVEL = "-O";
				VALIDATE_PRODUCT = YES;
			};
			name = Release;
		};
		BE70F665245B47FA00C3A222 /* Debug */ = {
			isa = XCBuildConfiguration;
			buildSettings = {
				ASSETCATALOG_COMPILER_APPICON_NAME = AppIcon;
				CODE_SIGN_STYLE = Automatic;
				DEVELOPMENT_TEAM = S55722VFBC;
				INFOPLIST_FILE = "Pursuit-Core-iOS-Firebase-Project/Info.plist";
				LD_RUNPATH_SEARCH_PATHS = (
					"$(inherited)",
					"@executable_path/Frameworks",
				);
				PRODUCT_BUNDLE_IDENTIFIER = "oscarvictoria.Pursuit-Core-iOS-Firebase-Project";
				PRODUCT_NAME = "$(TARGET_NAME)";
				SWIFT_VERSION = 5.0;
				TARGETED_DEVICE_FAMILY = "1,2";
			};
			name = Debug;
		};
		BE70F666245B47FA00C3A222 /* Release */ = {
			isa = XCBuildConfiguration;
			buildSettings = {
				ASSETCATALOG_COMPILER_APPICON_NAME = AppIcon;
				CODE_SIGN_STYLE = Automatic;
				DEVELOPMENT_TEAM = S55722VFBC;
				INFOPLIST_FILE = "Pursuit-Core-iOS-Firebase-Project/Info.plist";
				LD_RUNPATH_SEARCH_PATHS = (
					"$(inherited)",
					"@executable_path/Frameworks",
				);
				PRODUCT_BUNDLE_IDENTIFIER = "oscarvictoria.Pursuit-Core-iOS-Firebase-Project";
				PRODUCT_NAME = "$(TARGET_NAME)";
				SWIFT_VERSION = 5.0;
				TARGETED_DEVICE_FAMILY = "1,2";
			};
			name = Release;
		};
/* End XCBuildConfiguration section */

/* Begin XCConfigurationList section */
		BE70F64B245B47F600C3A222 /* Build configuration list for PBXProject "Pursuit-Core-iOS-Firebase-Project" */ = {
			isa = XCConfigurationList;
			buildConfigurations = (
				BE70F662245B47FA00C3A222 /* Debug */,
				BE70F663245B47FA00C3A222 /* Release */,
			);
			defaultConfigurationIsVisible = 0;
			defaultConfigurationName = Release;
		};
		BE70F664245B47FA00C3A222 /* Build configuration list for PBXNativeTarget "Pursuit-Core-iOS-Firebase-Project" */ = {
			isa = XCConfigurationList;
			buildConfigurations = (
				BE70F665245B47FA00C3A222 /* Debug */,
				BE70F666245B47FA00C3A222 /* Release */,
			);
			defaultConfigurationIsVisible = 0;
			defaultConfigurationName = Release;
		};
/* End XCConfigurationList section */
	};
	rootObject = BE70F648245B47F600C3A222 /* Project object */;
}
