// !$*UTF8*$!
{
	archiveVersion = 1;
	classes = {
	};
	objectVersion = 51;
	objects = {

/* Begin PBXBuildFile section */
		0F6AD827361DE8B41D8C7AD7 /* Pods_Pursuit_Core_iOS_Firebase_Project.framework in Frameworks */ = {isa = PBXBuildFile; fileRef = B5B4A38527FDFDD9C5F13C2C /* Pods_Pursuit_Core_iOS_Firebase_Project.framework */; };
		BE70F654245B47F600C3A222 /* AppDelegate.swift in Sources */ = {isa = PBXBuildFile; fileRef = BE70F653245B47F600C3A222 /* AppDelegate.swift */; };
		BE70F656245B47F600C3A222 /* SceneDelegate.swift in Sources */ = {isa = PBXBuildFile; fileRef = BE70F655245B47F600C3A222 /* SceneDelegate.swift */; };
		BE70F65D245B47FA00C3A222 /* Assets.xcassets in Resources */ = {isa = PBXBuildFile; fileRef = BE70F65C245B47FA00C3A222 /* Assets.xcassets */; };
		BE70F660245B47FA00C3A222 /* LaunchScreen.storyboard in Resources */ = {isa = PBXBuildFile; fileRef = BE70F65E245B47FA00C3A222 /* LaunchScreen.storyboard */; };
		BE70F668245B4AD100C3A222 /* GoogleService-Info.plist in Resources */ = {isa = PBXBuildFile; fileRef = BE70F667245B4AD100C3A222 /* GoogleService-Info.plist */; };
		BE70F671245B528800C3A222 /* LoginViewController.swift in Sources */ = {isa = PBXBuildFile; fileRef = BE70F670245B528800C3A222 /* LoginViewController.swift */; };
		BE70F673245B52A100C3A222 /* LoginView.swift in Sources */ = {isa = PBXBuildFile; fileRef = BE70F672245B52A100C3A222 /* LoginView.swift */; };
		BE70F677245B52E500C3A222 /* MainTabBarController.swift in Sources */ = {isa = PBXBuildFile; fileRef = BE70F676245B52E500C3A222 /* MainTabBarController.swift */; };
		BE70F67B245B574E00C3A222 /* AuthenticationSession.swift in Sources */ = {isa = PBXBuildFile; fileRef = BE70F67A245B574E00C3A222 /* AuthenticationSession.swift */; };
		BE70F67D245B577A00C3A222 /* DatabaseService.swift in Sources */ = {isa = PBXBuildFile; fileRef = BE70F67C245B577A00C3A222 /* DatabaseService.swift */; };
		BE70F67F245B579900C3A222 /* StorageService.swift in Sources */ = {isa = PBXBuildFile; fileRef = BE70F67E245B579900C3A222 /* StorageService.swift */; };
		BE70F681245B624F00C3A222 /* UIViewConroller + Alerts.swift in Sources */ = {isa = PBXBuildFile; fileRef = BE70F680245B624F00C3A222 /* UIViewConroller + Alerts.swift */; };
		BE70F683245B698800C3A222 /* FeedViewController.swift in Sources */ = {isa = PBXBuildFile; fileRef = BE70F682245B698800C3A222 /* FeedViewController.swift */; };
		BE70F685245B69A600C3A222 /* CreatePostViewController.swift in Sources */ = {isa = PBXBuildFile; fileRef = BE70F684245B69A600C3A222 /* CreatePostViewController.swift */; };
		BE70F687245B69C100C3A222 /* ProfileViewController.swift in Sources */ = {isa = PBXBuildFile; fileRef = BE70F686245B69C100C3A222 /* ProfileViewController.swift */; };
		BE70F689245B6C3900C3A222 /* FeedView.swift in Sources */ = {isa = PBXBuildFile; fileRef = BE70F688245B6C3900C3A222 /* FeedView.swift */; };
		BE70F68B245B6C4800C3A222 /* CreateView.swift in Sources */ = {isa = PBXBuildFile; fileRef = BE70F68A245B6C4800C3A222 /* CreateView.swift */; };
		BE70F68D245B6C5600C3A222 /* ProfileView.swift in Sources */ = {isa = PBXBuildFile; fileRef = BE70F68C245B6C5600C3A222 /* ProfileView.swift */; };
		BE70F68F245B811900C3A222 /* UIImage + Extensions.swift in Sources */ = {isa = PBXBuildFile; fileRef = BE70F68E245B811900C3A222 /* UIImage + Extensions.swift */; };
		BE70F691245B859900C3A222 /* FeedCell.swift in Sources */ = {isa = PBXBuildFile; fileRef = BE70F690245B859900C3A222 /* FeedCell.swift */; };
		BE70F693245BA93200C3A222 /* Post.swift in Sources */ = {isa = PBXBuildFile; fileRef = BE70F692245BA93200C3A222 /* Post.swift */; };
		BE70F695245BC95100C3A222 /* DetailViewController.swift in Sources */ = {isa = PBXBuildFile; fileRef = BE70F694245BC95100C3A222 /* DetailViewController.swift */; };
		BE70F697245BC96900C3A222 /* DetailView.swift in Sources */ = {isa = PBXBuildFile; fileRef = BE70F696245BC96900C3A222 /* DetailView.swift */; };
/* End PBXBuildFile section */

/* Begin PBXFileReference section */
		AF4FF1948C5A5896E921B317 /* Pods-Pursuit-Core-iOS-Firebase-Project.release.xcconfig */ = {isa = PBXFileReference; includeInIndex = 1; lastKnownFileType = text.xcconfig; name = "Pods-Pursuit-Core-iOS-Firebase-Project.release.xcconfig"; path = "Target Support Files/Pods-Pursuit-Core-iOS-Firebase-Project/Pods-Pursuit-Core-iOS-Firebase-Project.release.xcconfig"; sourceTree = "<group>"; };
		AF5681F7E15893D0E99405A0 /* Pods-Pursuit-Core-iOS-Firebase-Project.debug.xcconfig */ = {isa = PBXFileReference; includeInIndex = 1; lastKnownFileType = text.xcconfig; name = "Pods-Pursuit-Core-iOS-Firebase-Project.debug.xcconfig"; path = "Target Support Files/Pods-Pursuit-Core-iOS-Firebase-Project/Pods-Pursuit-Core-iOS-Firebase-Project.debug.xcconfig"; sourceTree = "<group>"; };
		B5B4A38527FDFDD9C5F13C2C /* Pods_Pursuit_Core_iOS_Firebase_Project.framework */ = {isa = PBXFileReference; explicitFileType = wrapper.framework; includeInIndex = 0; path = Pods_Pursuit_Core_iOS_Firebase_Project.framework; sourceTree = BUILT_PRODUCTS_DIR; };
		BE70F650245B47F600C3A222 /* Pursuit-Core-iOS-Firebase-Project.app */ = {isa = PBXFileReference; explicitFileType = wrapper.application; includeInIndex = 0; path = "Pursuit-Core-iOS-Firebase-Project.app"; sourceTree = BUILT_PRODUCTS_DIR; };
		BE70F653245B47F600C3A222 /* AppDelegate.swift */ = {isa = PBXFileReference; lastKnownFileType = sourcecode.swift; path = AppDelegate.swift; sourceTree = "<group>"; };
		BE70F655245B47F600C3A222 /* SceneDelegate.swift */ = {isa = PBXFileReference; lastKnownFileType = sourcecode.swift; path = SceneDelegate.swift; sourceTree = "<group>"; };
		BE70F65C245B47FA00C3A222 /* Assets.xcassets */ = {isa = PBXFileReference; lastKnownFileType = folder.assetcatalog; path = Assets.xcassets; sourceTree = "<group>"; };
		BE70F65F245B47FA00C3A222 /* Base */ = {isa = PBXFileReference; lastKnownFileType = file.storyboard; name = Base; path = Base.lproj/LaunchScreen.storyboard; sourceTree = "<group>"; };
		BE70F661245B47FA00C3A222 /* Info.plist */ = {isa = PBXFileReference; lastKnownFileType = text.plist.xml; path = Info.plist; sourceTree = "<group>"; };
		BE70F667245B4AD100C3A222 /* GoogleService-Info.plist */ = {isa = PBXFileReference; fileEncoding = 4; lastKnownFileType = text.plist.xml; path = "GoogleService-Info.plist"; sourceTree = "<group>"; };
		BE70F670245B528800C3A222 /* LoginViewController.swift */ = {isa = PBXFileReference; lastKnownFileType = sourcecode.swift; path = LoginViewController.swift; sourceTree = "<group>"; };
		BE70F672245B52A100C3A222 /* LoginView.swift */ = {isa = PBXFileReference; lastKnownFileType = sourcecode.swift; path = LoginView.swift; sourceTree = "<group>"; };
		BE70F676245B52E500C3A222 /* MainTabBarController.swift */ = {isa = PBXFileReference; lastKnownFileType = sourcecode.swift; path = MainTabBarController.swift; sourceTree = "<group>"; };
		BE70F67A245B574E00C3A222 /* AuthenticationSession.swift */ = {isa = PBXFileReference; fileEncoding = 4; lastKnownFileType = sourcecode.swift; path = AuthenticationSession.swift; sourceTree = "<group>"; };
		BE70F67C245B577A00C3A222 /* DatabaseService.swift */ = {isa = PBXFileReference; lastKnownFileType = sourcecode.swift; path = DatabaseService.swift; sourceTree = "<group>"; };
		BE70F67E245B579900C3A222 /* StorageService.swift */ = {isa = PBXFileReference; lastKnownFileType = sourcecode.swift; path = StorageService.swift; sourceTree = "<group>"; };
		BE70F680245B624F00C3A222 /* UIViewConroller + Alerts.swift */ = {isa = PBXFileReference; fileEncoding = 4; lastKnownFileType = sourcecode.swift; path = "UIViewConroller + Alerts.swift"; sourceTree = "<group>"; };
		BE70F682245B698800C3A222 /* FeedViewController.swift */ = {isa = PBXFileReference; lastKnownFileType = sourcecode.swift; path = FeedViewController.swift; sourceTree = "<group>"; };
		BE70F684245B69A600C3A222 /* CreatePostViewController.swift */ = {isa = PBXFileReference; lastKnownFileType = sourcecode.swift; path = CreatePostViewController.swift; sourceTree = "<group>"; };
		BE70F686245B69C100C3A222 /* ProfileViewController.swift */ = {isa = PBXFileReference; lastKnownFileType = sourcecode.swift; path = ProfileViewController.swift; sourceTree = "<group>"; };
		BE70F688245B6C3900C3A222 /* FeedView.swift */ = {isa = PBXFileReference; lastKnownFileType = sourcecode.swift; path = FeedView.swift; sourceTree = "<group>"; };
		BE70F68A245B6C4800C3A222 /* CreateView.swift */ = {isa = PBXFileReference; lastKnownFileType = sourcecode.swift; path = CreateView.swift; sourceTree = "<group>"; };
		BE70F68C245B6C5600C3A222 /* ProfileView.swift */ = {isa = PBXFileReference; lastKnownFileType = sourcecode.swift; path = ProfileView.swift; sourceTree = "<group>"; };
		BE70F68E245B811900C3A222 /* UIImage + Extensions.swift */ = {isa = PBXFileReference; fileEncoding = 4; lastKnownFileType = sourcecode.swift; path = "UIImage + Extensions.swift"; sourceTree = "<group>"; };
		BE70F690245B859900C3A222 /* FeedCell.swift */ = {isa = PBXFileReference; lastKnownFileType = sourcecode.swift; path = FeedCell.swift; sourceTree = "<group>"; };
		BE70F692245BA93200C3A222 /* Post.swift */ = {isa = PBXFileReference; lastKnownFileType = sourcecode.swift; path = Post.swift; sourceTree = "<group>"; };
		BE70F694245BC95100C3A222 /* DetailViewController.swift */ = {isa = PBXFileReference; lastKnownFileType = sourcecode.swift; path = DetailViewController.swift; sourceTree = "<group>"; };
		BE70F696245BC96900C3A222 /* DetailView.swift */ = {isa = PBXFileReference; lastKnownFileType = sourcecode.swift; path = DetailView.swift; sourceTree = "<group>"; };
/* End PBXFileReference section */

/* Begin PBXFrameworksBuildPhase section */
		BE70F64D245B47F600C3A222 /* Frameworks */ = {
			isa = PBXFrameworksBuildPhase;
			buildActionMask = 2147483647;
			files = (
				0F6AD827361DE8B41D8C7AD7 /* Pods_Pursuit_Core_iOS_Firebase_Project.framework in Frameworks */,
			);
			runOnlyForDeploymentPostprocessing = 0;
		};
/* End PBXFrameworksBuildPhase section */

/* Begin PBXGroup section */
		2FBECAF2592F79B8472BB230 /* Pods */ = {
			isa = PBXGroup;
			children = (
				AF5681F7E15893D0E99405A0 /* Pods-Pursuit-Core-iOS-Firebase-Project.debug.xcconfig */,
				AF4FF1948C5A5896E921B317 /* Pods-Pursuit-Core-iOS-Firebase-Project.release.xcconfig */,
			);
			path = Pods;
			sourceTree = "<group>";
		};
		468EE825971DF0D77EBA89EF /* Frameworks */ = {
			isa = PBXGroup;
			children = (
				B5B4A38527FDFDD9C5F13C2C /* Pods_Pursuit_Core_iOS_Firebase_Project.framework */,
			);
			name = Frameworks;
			sourceTree = "<group>";
		};
		BE70F647245B47F600C3A222 = {
			isa = PBXGroup;
			children = (
				BE70F652245B47F600C3A222 /* Pursuit-Core-iOS-Firebase-Project */,
				BE70F651245B47F600C3A222 /* Products */,
				2FBECAF2592F79B8472BB230 /* Pods */,
				468EE825971DF0D77EBA89EF /* Frameworks */,
			);
			sourceTree = "<group>";
		};
		BE70F651245B47F600C3A222 /* Products */ = {
			isa = PBXGroup;
			children = (
				BE70F650245B47F600C3A222 /* Pursuit-Core-iOS-Firebase-Project.app */,
			);
			name = Products;
			sourceTree = "<group>";
		};
		BE70F652245B47F600C3A222 /* Pursuit-Core-iOS-Firebase-Project */ = {
			isa = PBXGroup;
			children = (
				BE70F66F245B51BE00C3A222 /* Cells */,
				BE70F66E245B51B600C3A222 /* Extensions */,
				BE70F66D245B51B000C3A222 /* Models */,
				BE70F66C245B519C00C3A222 /* Firebase Services */,
				BE70F66B245B519700C3A222 /* Views */,
				BE70F66A245B519000C3A222 /* Controllers */,
				BE70F669245B516900C3A222 /* Supporting Files */,
				BE70F661245B47FA00C3A222 /* Info.plist */,
				BE70F667245B4AD100C3A222 /* GoogleService-Info.plist */,
			);
			path = "Pursuit-Core-iOS-Firebase-Project";
			sourceTree = "<group>";
		};
		BE70F669245B516900C3A222 /* Supporting Files */ = {
			isa = PBXGroup;
			children = (
				BE70F65E245B47FA00C3A222 /* LaunchScreen.storyboard */,
				BE70F65C245B47FA00C3A222 /* Assets.xcassets */,
				BE70F655245B47F600C3A222 /* SceneDelegate.swift */,
				BE70F653245B47F600C3A222 /* AppDelegate.swift */,
			);
			path = "Supporting Files";
			sourceTree = "<group>";
		};
		BE70F66A245B519000C3A222 /* Controllers */ = {
			isa = PBXGroup;
			children = (
				BE70F670245B528800C3A222 /* LoginViewController.swift */,
				BE70F676245B52E500C3A222 /* MainTabBarController.swift */,
				BE70F682245B698800C3A222 /* FeedViewController.swift */,
				BE70F684245B69A600C3A222 /* CreatePostViewController.swift */,
				BE70F686245B69C100C3A222 /* ProfileViewController.swift */,
				BE70F694245BC95100C3A222 /* DetailViewController.swift */,
			);
			path = Controllers;
			sourceTree = "<group>";
		};
		BE70F66B245B519700C3A222 /* Views */ = {
			isa = PBXGroup;
			children = (
				BE70F672245B52A100C3A222 /* LoginView.swift */,
				BE70F688245B6C3900C3A222 /* FeedView.swift */,
				BE70F68A245B6C4800C3A222 /* CreateView.swift */,
				BE70F68C245B6C5600C3A222 /* ProfileView.swift */,
				BE70F696245BC96900C3A222 /* DetailView.swift */,
			);
			path = Views;
			sourceTree = "<group>";
		};
		BE70F66C245B519C00C3A222 /* Firebase Services */ = {
			isa = PBXGroup;
			children = (
				BE70F67A245B574E00C3A222 /* AuthenticationSession.swift */,
				BE70F67C245B577A00C3A222 /* DatabaseService.swift */,
				BE70F67E245B579900C3A222 /* StorageService.swift */,
			);
			path = "Firebase Services";
			sourceTree = "<group>";
		};
		BE70F66D245B51B000C3A222 /* Models */ = {
			isa = PBXGroup;
			children = (
				BE70F692245BA93200C3A222 /* Post.swift */,
			);
			path = Models;
			sourceTree = "<group>";
		};
		BE70F66E245B51B600C3A222 /* Extensions */ = {
			isa = PBXGroup;
			children = (
				BE70F68E245B811900C3A222 /* UIImage + Extensions.swift */,
				BE70F680245B624F00C3A222 /* UIViewConroller + Alerts.swift */,
			);
			path = Extensions;
			sourceTree = "<group>";
		};
		BE70F66F245B51BE00C3A222 /* Cells */ = {
			isa = PBXGroup;
			children = (
				BE70F690245B859900C3A222 /* FeedCell.swift */,
			);
			path = Cells;
			sourceTree = "<group>";
		};
/* End PBXGroup section */

/* Begin PBXNativeTarget section */
		BE70F64F245B47F600C3A222 /* Pursuit-Core-iOS-Firebase-Project */ = {
			isa = PBXNativeTarget;
			buildConfigurationList = BE70F664245B47FA00C3A222 /* Build configuration list for PBXNativeTarget "Pursuit-Core-iOS-Firebase-Project" */;
			buildPhases = (
				2C68F36F3FFD7118DAA66635 /* [CP] Check Pods Manifest.lock */,
				BE70F64C245B47F600C3A222 /* Sources */,
				BE70F64D245B47F600C3A222 /* Frameworks */,
				BE70F64E245B47F600C3A222 /* Resources */,
				FB35DE00A135E15F31BBC049 /* [CP] Embed Pods Frameworks */,
			);
			buildRules = (
			);
			dependencies = (
			);
			name = "Pursuit-Core-iOS-Firebase-Project";
			productName = "Pursuit-Core-iOS-Firebase-Project";
			productReference = BE70F650245B47F600C3A222 /* Pursuit-Core-iOS-Firebase-Project.app */;
			productType = "com.apple.product-type.application";
		};
/* End PBXNativeTarget section */

/* Begin PBXProject section */
		BE70F648245B47F600C3A222 /* Project object */ = {
			isa = PBXProject;
			attributes = {
				LastSwiftUpdateCheck = 1100;
				LastUpgradeCheck = 1100;
				ORGANIZATIONNAME = "Oscar Victoria Gonzalez ";
				TargetAttributes = {
					BE70F64F245B47F600C3A222 = {
						CreatedOnToolsVersion = 11.0;
					};
				};
			};
			buildConfigurationList = BE70F64B245B47F600C3A222 /* Build configuration list for PBXProject "Pursuit-Core-iOS-Firebase-Project" */;
			compatibilityVersion = "Xcode 9.3";
			developmentRegion = en;
			hasScannedForEncodings = 0;
			knownRegions = (
				en,
				Base,
			);
			mainGroup = BE70F647245B47F600C3A222;
			productRefGroup = BE70F651245B47F600C3A222 /* Products */;
			projectDirPath = "";
			projectRoot = "";
			targets = (
				BE70F64F245B47F600C3A222 /* Pursuit-Core-iOS-Firebase-Project */,
			);
		};
/* End PBXProject section */

/* Begin PBXResourcesBuildPhase section */
		BE70F64E245B47F600C3A222 /* Resources */ = {
			isa = PBXResourcesBuildPhase;
			buildActionMask = 2147483647;
			files = (
				BE70F660245B47FA00C3A222 /* LaunchScreen.storyboard in Resources */,
				BE70F668245B4AD100C3A222 /* GoogleService-Info.plist in Resources */,
				BE70F65D245B47FA00C3A222 /* Assets.xcassets in Resources */,
			);
			runOnlyForDeploymentPostprocessing = 0;
		};
/* End PBXResourcesBuildPhase section */

/* Begin PBXShellScriptBuildPhase section */
		2C68F36F3FFD7118DAA66635 /* [CP] Check Pods Manifest.lock */ = {
			isa = PBXShellScriptBuildPhase;
			buildActionMask = 2147483647;
			files = (
			);
			inputFileListPaths = (
			);
			inputPaths = (
				"${PODS_PODFILE_DIR_PATH}/Podfile.lock",
				"${PODS_ROOT}/Manifest.lock",
			);
			name = "[CP] Check Pods Manifest.lock";
			outputFileListPaths = (
			);
			outputPaths = (
				"$(DERIVED_FILE_DIR)/Pods-Pursuit-Core-iOS-Firebase-Project-checkManifestLockResult.txt",
			);
			runOnlyForDeploymentPostprocessing = 0;
			shellPath = /bin/sh;
			shellScript = "diff \"${PODS_PODFILE_DIR_PATH}/Podfile.lock\" \"${PODS_ROOT}/Manifest.lock\" > /dev/null\nif [ $? != 0 ] ; then\n    # print error to STDERR\n    echo \"error: The sandbox is not in sync with the Podfile.lock. Run 'pod install' or update your CocoaPods installation.\" >&2\n    exit 1\nfi\n# This output is used by Xcode 'outputs' to avoid re-running this script phase.\necho \"SUCCESS\" > \"${SCRIPT_OUTPUT_FILE_0}\"\n";
			showEnvVarsInLog = 0;
		};
		FB35DE00A135E15F31BBC049 /* [CP] Embed Pods Frameworks */ = {
			isa = PBXShellScriptBuildPhase;
			buildActionMask = 2147483647;
			files = (
			);
			inputFileListPaths = (
				"${PODS_ROOT}/Target Support Files/Pods-Pursuit-Core-iOS-Firebase-Project/Pods-Pursuit-Core-iOS-Firebase-Project-frameworks-${CONFIGURATION}-input-files.xcfilelist",
			);
			name = "[CP] Embed Pods Frameworks";
			outputFileListPaths = (
				"${PODS_ROOT}/Target Support Files/Pods-Pursuit-Core-iOS-Firebase-Project/Pods-Pursuit-Core-iOS-Firebase-Project-frameworks-${CONFIGURATION}-output-files.xcfilelist",
			);
			runOnlyForDeploymentPostprocessing = 0;
			shellPath = /bin/sh;
			shellScript = "\"${PODS_ROOT}/Target Support Files/Pods-Pursuit-Core-iOS-Firebase-Project/Pods-Pursuit-Core-iOS-Firebase-Project-frameworks.sh\"\n";
			showEnvVarsInLog = 0;
		};
/* End PBXShellScriptBuildPhase section */

/* Begin PBXSourcesBuildPhase section */
		BE70F64C245B47F600C3A222 /* Sources */ = {
			isa = PBXSourcesBuildPhase;
			buildActionMask = 2147483647;
			files = (
				BE70F671245B528800C3A222 /* LoginViewController.swift in Sources */,
				BE70F68F245B811900C3A222 /* UIImage + Extensions.swift in Sources */,
				BE70F691245B859900C3A222 /* FeedCell.swift in Sources */,
				BE70F654245B47F600C3A222 /* AppDelegate.swift in Sources */,
				BE70F683245B698800C3A222 /* FeedViewController.swift in Sources */,
				BE70F681245B624F00C3A222 /* UIViewConroller + Alerts.swift in Sources */,
				BE70F68B245B6C4800C3A222 /* CreateView.swift in Sources */,
				BE70F677245B52E500C3A222 /* MainTabBarController.swift in Sources */,
				BE70F673245B52A100C3A222 /* LoginView.swift in Sources */,
				BE70F68D245B6C5600C3A222 /* ProfileView.swift in Sources */,
				BE70F695245BC95100C3A222 /* DetailViewController.swift in Sources */,
				BE70F687245B69C100C3A222 /* ProfileViewController.swift in Sources */,
				BE70F67B245B574E00C3A222 /* AuthenticationSession.swift in Sources */,
				BE70F697245BC96900C3A222 /* DetailView.swift in Sources */,
				BE70F685245B69A600C3A222 /* CreatePostViewController.swift in Sources */,
				BE70F67F245B579900C3A222 /* StorageService.swift in Sources */,
				BE70F689245B6C3900C3A222 /* FeedView.swift in Sources */,
				BE70F693245BA93200C3A222 /* Post.swift in Sources */,
				BE70F656245B47F600C3A222 /* SceneDelegate.swift in Sources */,
				BE70F67D245B577A00C3A222 /* DatabaseService.swift in Sources */,
			);
			runOnlyForDeploymentPostprocessing = 0;
		};
/* End PBXSourcesBuildPhase section */

/* Begin PBXVariantGroup section */
		BE70F65E245B47FA00C3A222 /* LaunchScreen.storyboard */ = {
			isa = PBXVariantGroup;
			children = (
				BE70F65F245B47FA00C3A222 /* Base */,
			);
			name = LaunchScreen.storyboard;
			sourceTree = "<group>";
		};
/* End PBXVariantGroup section */

/* Begin XCBuildConfiguration section */
		BE70F662245B47FA00C3A222 /* Debug */ = {
			isa = XCBuildConfiguration;
			buildSettings = {
				ALWAYS_SEARCH_USER_PATHS = NO;
				CLANG_ANALYZER_NONNULL = YES;
				CLANG_ANALYZER_NUMBER_OBJECT_CONVERSION = YES_AGGRESSIVE;
				CLANG_CXX_LANGUAGE_STANDARD = "gnu++14";
				CLANG_CXX_LIBRARY = "libc++";
				CLANG_ENABLE_MODULES = YES;
				CLANG_ENABLE_OBJC_ARC = YES;
				CLANG_ENABLE_OBJC_WEAK = YES;
				CLANG_WARN_BLOCK_CAPTURE_AUTORELEASING = YES;
				CLANG_WARN_BOOL_CONVERSION = YES;
				CLANG_WARN_COMMA = YES;
				CLANG_WARN_CONSTANT_CONVERSION = YES;
				CLANG_WARN_DEPRECATED_OBJC_IMPLEMENTATIONS = YES;
				CLANG_WARN_DIRECT_OBJC_ISA_USAGE = YES_ERROR;
				CLANG_WARN_DOCUMENTATION_COMMENTS = YES;
				CLANG_WARN_EMPTY_BODY = YES;
				CLANG_WARN_ENUM_CONVERSION = YES;
				CLANG_WARN_INFINITE_RECURSION = YES;
				CLANG_WARN_INT_CONVERSION = YES;
				CLANG_WARN_NON_LITERAL_NULL_CONVERSION = YES;
				CLANG_WARN_OBJC_IMPLICIT_RETAIN_SELF = YES;
				CLANG_WARN_OBJC_LITERAL_CONVERSION = YES;
				CLANG_WARN_OBJC_ROOT_CLASS = YES_ERROR;
				CLANG_WARN_RANGE_LOOP_ANALYSIS = YES;
				CLANG_WARN_STRICT_PROTOTYPES = YES;
				CLANG_WARN_SUSPICIOUS_MOVE = YES;
				CLANG_WARN_UNGUARDED_AVAILABILITY = YES_AGGRESSIVE;
				CLANG_WARN_UNREACHABLE_CODE = YES;
				CLANG_WARN__DUPLICATE_METHOD_MATCH = YES;
				COPY_PHASE_STRIP = NO;
				DEBUG_INFORMATION_FORMAT = dwarf;
				ENABLE_STRICT_OBJC_MSGSEND = YES;
				ENABLE_TESTABILITY = YES;
				GCC_C_LANGUAGE_STANDARD = gnu11;
				GCC_DYNAMIC_NO_PIC = NO;
				GCC_NO_COMMON_BLOCKS = YES;
				GCC_OPTIMIZATION_LEVEL = 0;
				GCC_PREPROCESSOR_DEFINITIONS = (
					"DEBUG=1",
					"$(inherited)",
				);
				GCC_WARN_64_TO_32_BIT_CONVERSION = YES;
				GCC_WARN_ABOUT_RETURN_TYPE = YES_ERROR;
				GCC_WARN_UNDECLARED_SELECTOR = YES;
				GCC_WARN_UNINITIALIZED_AUTOS = YES_AGGRESSIVE;
				GCC_WARN_UNUSED_FUNCTION = YES;
				GCC_WARN_UNUSED_VARIABLE = YES;
				IPHONEOS_DEPLOYMENT_TARGET = 13.0;
				MTL_ENABLE_DEBUG_INFO = INCLUDE_SOURCE;
				MTL_FAST_MATH = YES;
				ONLY_ACTIVE_ARCH = YES;
				SDKROOT = iphoneos;
				SWIFT_ACTIVE_COMPILATION_CONDITIONS = DEBUG;
				SWIFT_OPTIMIZATION_LEVEL = "-Onone";
			};
			name = Debug;
		};
		BE70F663245B47FA00C3A222 /* Release */ = {
			isa = XCBuildConfiguration;
			buildSettings = {
				ALWAYS_SEARCH_USER_PATHS = NO;
				CLANG_ANALYZER_NONNULL = YES;
				CLANG_ANALYZER_NUMBER_OBJECT_CONVERSION = YES_AGGRESSIVE;
				CLANG_CXX_LANGUAGE_STANDARD = "gnu++14";
				CLANG_CXX_LIBRARY = "libc++";
				CLANG_ENABLE_MODULES = YES;
				CLANG_ENABLE_OBJC_ARC = YES;
				CLANG_ENABLE_OBJC_WEAK = YES;
				CLANG_WARN_BLOCK_CAPTURE_AUTORELEASING = YES;
				CLANG_WARN_BOOL_CONVERSION = YES;
				CLANG_WARN_COMMA = YES;
				CLANG_WARN_CONSTANT_CONVERSION = YES;
				CLANG_WARN_DEPRECATED_OBJC_IMPLEMENTATIONS = YES;
				CLANG_WARN_DIRECT_OBJC_ISA_USAGE = YES_ERROR;
				CLANG_WARN_DOCUMENTATION_COMMENTS = YES;
				CLANG_WARN_EMPTY_BODY = YES;
				CLANG_WARN_ENUM_CONVERSION = YES;
				CLANG_WARN_INFINITE_RECURSION = YES;
				CLANG_WARN_INT_CONVERSION = YES;
				CLANG_WARN_NON_LITERAL_NULL_CONVERSION = YES;
				CLANG_WARN_OBJC_IMPLICIT_RETAIN_SELF = YES;
				CLANG_WARN_OBJC_LITERAL_CONVERSION = YES;
				CLANG_WARN_OBJC_ROOT_CLASS = YES_ERROR;
				CLANG_WARN_RANGE_LOOP_ANALYSIS = YES;
				CLANG_WARN_STRICT_PROTOTYPES = YES;
				CLANG_WARN_SUSPICIOUS_MOVE = YES;
				CLANG_WARN_UNGUARDED_AVAILABILITY = YES_AGGRESSIVE;
				CLANG_WARN_UNREACHABLE_CODE = YES;
				CLANG_WARN__DUPLICATE_METHOD_MATCH = YES;
				COPY_PHASE_STRIP = NO;
				DEBUG_INFORMATION_FORMAT = "dwarf-with-dsym";
				ENABLE_NS_ASSERTIONS = NO;
				ENABLE_STRICT_OBJC_MSGSEND = YES;
				GCC_C_LANGUAGE_STANDARD = gnu11;
				GCC_NO_COMMON_BLOCKS = YES;
				GCC_WARN_64_TO_32_BIT_CONVERSION = YES;
				GCC_WARN_ABOUT_RETURN_TYPE = YES_ERROR;
				GCC_WARN_UNDECLARED_SELECTOR = YES;
				GCC_WARN_UNINITIALIZED_AUTOS = YES_AGGRESSIVE;
				GCC_WARN_UNUSED_FUNCTION = YES;
				GCC_WARN_UNUSED_VARIABLE = YES;
				IPHONEOS_DEPLOYMENT_TARGET = 13.0;
				MTL_ENABLE_DEBUG_INFO = NO;
				MTL_FAST_MATH = YES;
				SDKROOT = iphoneos;
				SWIFT_COMPILATION_MODE = wholemodule;
				SWIFT_OPTIMIZATION_LEVEL = "-O";
				VALIDATE_PRODUCT = YES;
			};
			name = Release;
		};
		BE70F665245B47FA00C3A222 /* Debug */ = {
			isa = XCBuildConfiguration;
			baseConfigurationReference = AF5681F7E15893D0E99405A0 /* Pods-Pursuit-Core-iOS-Firebase-Project.debug.xcconfig */;
			buildSettings = {
				ASSETCATALOG_COMPILER_APPICON_NAME = AppIcon;
				CODE_SIGN_STYLE = Automatic;
				DEVELOPMENT_TEAM = S55722VFBC;
				INFOPLIST_FILE = "Pursuit-Core-iOS-Firebase-Project/Info.plist";
				LD_RUNPATH_SEARCH_PATHS = (
					"$(inherited)",
					"@executable_path/Frameworks",
				);
				PRODUCT_BUNDLE_IDENTIFIER = "oscarvictoria.Pursuit-Core-iOS-Firebase-Project";
				PRODUCT_NAME = "$(TARGET_NAME)";
				SWIFT_VERSION = 5.0;
				TARGETED_DEVICE_FAMILY = "1,2";
			};
			name = Debug;
		};
		BE70F666245B47FA00C3A222 /* Release */ = {
			isa = XCBuildConfiguration;
			baseConfigurationReference = AF4FF1948C5A5896E921B317 /* Pods-Pursuit-Core-iOS-Firebase-Project.release.xcconfig */;
			buildSettings = {
				ASSETCATALOG_COMPILER_APPICON_NAME = AppIcon;
				CODE_SIGN_STYLE = Automatic;
				DEVELOPMENT_TEAM = S55722VFBC;
				INFOPLIST_FILE = "Pursuit-Core-iOS-Firebase-Project/Info.plist";
				LD_RUNPATH_SEARCH_PATHS = (
					"$(inherited)",
					"@executable_path/Frameworks",
				);
				PRODUCT_BUNDLE_IDENTIFIER = "oscarvictoria.Pursuit-Core-iOS-Firebase-Project";
				PRODUCT_NAME = "$(TARGET_NAME)";
				SWIFT_VERSION = 5.0;
				TARGETED_DEVICE_FAMILY = "1,2";
			};
			name = Release;
		};
/* End XCBuildConfiguration section */

/* Begin XCConfigurationList section */
		BE70F64B245B47F600C3A222 /* Build configuration list for PBXProject "Pursuit-Core-iOS-Firebase-Project" */ = {
			isa = XCConfigurationList;
			buildConfigurations = (
				BE70F662245B47FA00C3A222 /* Debug */,
				BE70F663245B47FA00C3A222 /* Release */,
			);
			defaultConfigurationIsVisible = 0;
			defaultConfigurationName = Release;
		};
		BE70F664245B47FA00C3A222 /* Build configuration list for PBXNativeTarget "Pursuit-Core-iOS-Firebase-Project" */ = {
			isa = XCConfigurationList;
			buildConfigurations = (
				BE70F665245B47FA00C3A222 /* Debug */,
				BE70F666245B47FA00C3A222 /* Release */,
			);
			defaultConfigurationIsVisible = 0;
			defaultConfigurationName = Release;
		};
/* End XCConfigurationList section */
	};
	rootObject = BE70F648245B47F600C3A222 /* Project object */;
}
